
Microsoft Visual Studio Solution File, Format Version 10.00
# Visual Studio 2008
Project("{FAE04EC0-301F-11D3-BF4B-00C04F79EFBC}") = "OpenPacMan", "OpenPacMan\OpenPacMan.csproj", "{C9AD7E93-2F27-4732-9B5B-956C97A4E33B}"
EndProject
Global
	GlobalSection(SubversionScc) = preSolution
		Svn-Managed = True
		Manager = AnkhSVN - Subversion Support for Visual Studio
	EndGlobalSection
	GlobalSection(SolutionConfigurationPlatforms) = preSolution
		Debug|x86 = Debug|x86
		Release|x86 = Release|x86
	EndGlobalSection
	GlobalSection(ProjectConfigurationPlatforms) = postSolution
		{C9AD7E93-2F27-4732-9B5B-956C97A4E33B}.Debug|x86.ActiveCfg = Debug|x86
		{C9AD7E93-2F27-4732-9B5B-956C97A4E33B}.Debug|x86.Build.0 = Debug|x86
		{C9AD7E93-2F27-4732-9B5B-956C97A4E33B}.Release|x86.ActiveCfg = Release|x86
		{C9AD7E93-2F27-4732-9B5B-956C97A4E33B}.Release|x86.Build.0 = Release|x86
		{442E2BA6-16AC-4833-8B9A-7C28C95BFD0C}.Debug|x86.ActiveCfg = Debug|x86
		{442E2BA6-16AC-4833-8B9A-7C28C95BFD0C}.Release|x86.ActiveCfg = Release|x86
	EndGlobalSection
	GlobalSection(SolutionProperties) = preSolution
		HideSolutionNode = FALSE
	EndGlobalSection
EndGlobal
